// !$*UTF8*$!
{
	archiveVersion = 1;
	classes = {
	};
	objectVersion = 46;
	objects = {

/* Begin PBXBuildFile section */
		01DE9D191E8C143C00F1339C /* AppDelegate.swift in Sources */ = {isa = PBXBuildFile; fileRef = 01DE9D181E8C143C00F1339C /* AppDelegate.swift */; };
		01DE9D1B1E8C143C00F1339C /* ViewController.swift in Sources */ = {isa = PBXBuildFile; fileRef = 01DE9D1A1E8C143C00F1339C /* ViewController.swift */; };
		01DE9D1E1E8C143C00F1339C /* Main.storyboard in Resources */ = {isa = PBXBuildFile; fileRef = 01DE9D1C1E8C143C00F1339C /* Main.storyboard */; };
		01DE9D201E8C143C00F1339C /* Assets.xcassets in Resources */ = {isa = PBXBuildFile; fileRef = 01DE9D1F1E8C143C00F1339C /* Assets.xcassets */; };
		01DE9D231E8C143C00F1339C /* LaunchScreen.storyboard in Resources */ = {isa = PBXBuildFile; fileRef = 01DE9D211E8C143C00F1339C /* LaunchScreen.storyboard */; };
/* End PBXBuildFile section */

/* Begin PBXFileReference section */
		01DE9D151E8C143C00F1339C /* ProgramaticConstraints.app */ = {isa = PBXFileReference; explicitFileType = wrapper.application; includeInIndex = 0; path = ProgramaticConstraints.app; sourceTree = BUILT_PRODUCTS_DIR; };
		01DE9D181E8C143C00F1339C /* AppDelegate.swift */ = {isa = PBXFileReference; lastKnownFileType = sourcecode.swift; path = AppDelegate.swift; sourceTree = "<group>"; };
		01DE9D1A1E8C143C00F1339C /* ViewController.swift */ = {isa = PBXFileReference; lastKnownFileType = sourcecode.swift; path = ViewController.swift; sourceTree = "<group>"; };
		01DE9D1D1E8C143C00F1339C /* Base */ = {isa = PBXFileReference; lastKnownFileType = file.storyboard; name = Base; path = Base.lproj/Main.storyboard; sourceTree = "<group>"; };
		01DE9D1F1E8C143C00F1339C /* Assets.xcassets */ = {isa = PBXFileReference; lastKnownFileType = folder.assetcatalog; path = Assets.xcassets; sourceTree = "<group>"; };
		01DE9D221E8C143C00F1339C /* Base */ = {isa = PBXFileReference; lastKnownFileType = file.storyboard; name = Base; path = Base.lproj/LaunchScreen.storyboard; sourceTree = "<group>"; };
		01DE9D241E8C143C00F1339C /* Info.plist */ = {isa = PBXFileReference; lastKnownFileType = text.plist.xml; path = Info.plist; sourceTree = "<group>"; };
/* End PBXFileReference section */

/* Begin PBXFrameworksBuildPhase section */
		01DE9D121E8C143C00F1339C /* Frameworks */ = {
			isa = PBXFrameworksBuildPhase;
			buildActionMask = 2147483647;
			files = (
			);
			runOnlyForDeploymentPostprocessing = 0;
		};
/* End PBXFrameworksBuildPhase section */

/* Begin PBXGroup section */
		01DE9D0C1E8C143C00F1339C = {
			isa = PBXGroup;
			children = (
				01DE9D171E8C143C00F1339C /* ProgramaticConstraints */,
				01DE9D161E8C143C00F1339C /* Products */,
			);
			sourceTree = "<group>";
		};
		01DE9D161E8C143C00F1339C /* Products */ = {
			isa = PBXGroup;
			children = (
				01DE9D151E8C143C00F1339C /* ProgramaticConstraints.app */,
			);
			name = Products;
			sourceTree = "<group>";
		};
		01DE9D171E8C143C00F1339C /* ProgramaticConstraints */ = {
			isa = PBXGroup;
			children = (
				01DE9D181E8C143C00F1339C /* AppDelegate.swift */,
				01DE9D1A1E8C143C00F1339C /* ViewController.swift */,
				01DE9D1C1E8C143C00F1339C /* Main.storyboard */,
				01DE9D1F1E8C143C00F1339C /* Assets.xcassets */,
				01DE9D211E8C143C00F1339C /* LaunchScreen.storyboard */,
				01DE9D241E8C143C00F1339C /* Info.plist */,
			);
			path = ProgramaticConstraints;
			sourceTree = "<group>";
		};
/* End PBXGroup section */

/* Begin PBXNativeTarget section */
		01DE9D141E8C143C00F1339C /* ProgramaticConstraints */ = {
			isa = PBXNativeTarget;
			buildConfigurationList = 01DE9D271E8C143C00F1339C /* Build configuration list for PBXNativeTarget "ProgramaticConstraints" */;
			buildPhases = (
				01DE9D111E8C143C00F1339C /* Sources */,
				01DE9D121E8C143C00F1339C /* Frameworks */,
				01DE9D131E8C143C00F1339C /* Resources */,
			);
			buildRules = (
			);
			dependencies = (
			);
			name = ProgramaticConstraints;
			productName = ProgramaticConstraints;
			productReference = 01DE9D151E8C143C00F1339C /* ProgramaticConstraints.app */;
			productType = "com.apple.product-type.application";
		};
/* End PBXNativeTarget section */

/* Begin PBXProject section */
		01DE9D0D1E8C143C00F1339C /* Project object */ = {
			isa = PBXProject;
			attributes = {
				LastSwiftUpdateCheck = 0830;
				LastUpgradeCheck = 0830;
				ORGANIZATIONNAME = "Nick Reichard";
				TargetAttributes = {
					01DE9D141E8C143C00F1339C = {
						CreatedOnToolsVersion = 8.3;
						DevelopmentTeam = MU4CK45G4T;
						ProvisioningStyle = Automatic;
					};
				};
			};
			buildConfigurationList = 01DE9D101E8C143C00F1339C /* Build configuration list for PBXProject "ProgramaticConstraints" */;
			compatibilityVersion = "Xcode 3.2";
			developmentRegion = English;
			hasScannedForEncodings = 0;
			knownRegions = (
				en,
				Base,
			);
			mainGroup = 01DE9D0C1E8C143C00F1339C;
			productRefGroup = 01DE9D161E8C143C00F1339C /* Products */;
			projectDirPath = "";
			projectRoot = "";
			targets = (
				01DE9D141E8C143C00F1339C /* ProgramaticConstraints */,
			);
		};
/* End PBXProject section */

/* Begin PBXResourcesBuildPhase section */
		01DE9D131E8C143C00F1339C /* Resources */ = {
			isa = PBXResourcesBuildPhase;
			buildActionMask = 2147483647;
			files = (
				01DE9D231E8C143C00F1339C /* LaunchScreen.storyboard in Resources */,
				01DE9D201E8C143C00F1339C /* Assets.xcassets in Resources */,
				01DE9D1E1E8C143C00F1339C /* Main.storyboard in Resources */,
			);
			runOnlyForDeploymentPostprocessing = 0;
		};
/* End PBXResourcesBuildPhase section */

/* Begin PBXSourcesBuildPhase section */
		01DE9D111E8C143C00F1339C /* Sources */ = {
			isa = PBXSourcesBuildPhase;
			buildActionMask = 2147483647;
			files = (
				01DE9D1B1E8C143C00F1339C /* ViewController.swift in Sources */,
				01DE9D191E8C143C00F1339C /* AppDelegate.swift in Sources */,
			);
			runOnlyForDeploymentPostprocessing = 0;
		};
/* End PBXSourcesBuildPhase section */

/* Begin PBXVariantGroup section */
		01DE9D1C1E8C143C00F1339C /* Main.storyboard */ = {
			isa = PBXVariantGroup;
			children = (
				01DE9D1D1E8C143C00F1339C /* Base */,
			);
			name = Main.storyboard;
			sourceTree = "<group>";
		};
		01DE9D211E8C143C00F1339C /* LaunchScreen.storyboard */ = {
			isa = PBXVariantGroup;
			children = (
				01DE9D221E8C143C00F1339C /* Base */,
			);
			name = LaunchScreen.storyboard;
			sourceTree = "<group>";
		};
/* End PBXVariantGroup section */

/* Begin XCBuildConfiguration section */
		01DE9D251E8C143C00F1339C /* Debug */ = {
			isa = XCBuildConfiguration;
			buildSettings = {
				ALWAYS_SEARCH_USER_PATHS = NO;
				CLANG_ANALYZER_NONNULL = YES;
				CLANG_ANALYZER_NUMBER_OBJECT_CONVERSION = YES_AGGRESSIVE;
				CLANG_CXX_LANGUAGE_STANDARD = "gnu++0x";
				CLANG_CXX_LIBRARY = "libc++";
				CLANG_ENABLE_MODULES = YES;
				CLANG_ENABLE_OBJC_ARC = YES;
				CLANG_WARN_BOOL_CONVERSION = YES;
				CLANG_WARN_CONSTANT_CONVERSION = YES;
				CLANG_WARN_DIRECT_OBJC_ISA_USAGE = YES_ERROR;
				CLANG_WARN_DOCUMENTATION_COMMENTS = YES;
				CLANG_WARN_EMPTY_BODY = YES;
				CLANG_WARN_ENUM_CONVERSION = YES;
				CLANG_WARN_INFINITE_RECURSION = YES;
				CLANG_WARN_INT_CONVERSION = YES;
				CLANG_WARN_OBJC_ROOT_CLASS = YES_ERROR;
				CLANG_WARN_SUSPICIOUS_MOVE = YES;
				CLANG_WARN_UNREACHABLE_CODE = YES;
				CLANG_WARN__DUPLICATE_METHOD_MATCH = YES;
				"CODE_SIGN_IDENTITY[sdk=iphoneos*]" = "iPhone Developer";
				COPY_PHASE_STRIP = NO;
				DEBUG_INFORMATION_FORMAT = dwarf;
				ENABLE_STRICT_OBJC_MSGSEND = YES;
				ENABLE_TESTABILITY = YES;
				GCC_C_LANGUAGE_STANDARD = gnu99;
				GCC_DYNAMIC_NO_PIC = NO;
				GCC_NO_COMMON_BLOCKS = YES;
				GCC_OPTIMIZATION_LEVEL = 0;
				GCC_PREPROCESSOR_DEFINITIONS = (
					"DEBUG=1",
					"$(inherited)",
				);
				GCC_WARN_64_TO_32_BIT_CONVERSION = YES;
				GCC_WARN_ABOUT_RETURN_TYPE = YES_ERROR;
				GCC_WARN_UNDECLARED_SELECTOR = YES;
				GCC_WARN_UNINITIALIZED_AUTOS = YES_AGGRESSIVE;
				GCC_WARN_UNUSED_FUNCTION = YES;
				GCC_WARN_UNUSED_VARIABLE = YES;
				IPHONEOS_DEPLOYMENT_TARGET = 10.3;
				MTL_ENABLE_DEBUG_INFO = YES;
				ONLY_ACTIVE_ARCH = YES;
				SDKROOT = iphoneos;
				SWIFT_ACTIVE_COMPILATION_CONDITIONS = DEBUG;
				SWIFT_OPTIMIZATION_LEVEL = "-Onone";
				TARGETED_DEVICE_FAMILY = "1,2";
			};
			name = Debug;
		};
		01DE9D261E8C143C00F1339C /* Release */ = {
			isa = XCBuildConfiguration;
			buildSettings = {
				ALWAYS_SEARCH_USER_PATHS = NO;
				CLANG_ANALYZER_NONNULL = YES;
				CLANG_ANALYZER_NUMBER_OBJECT_CONVERSION = YES_AGGRESSIVE;
				CLANG_CXX_LANGUAGE_STANDARD = "gnu++0x";
				CLANG_CXX_LIBRARY = "libc++";
				CLANG_ENABLE_MODULES = YES;
				CLANG_ENABLE_OBJC_ARC = YES;
				CLANG_WARN_BOOL_CONVERSION = YES;
				CLANG_WARN_CONSTANT_CONVERSION = YES;
				CLANG_WARN_DIRECT_OBJC_ISA_USAGE = YES_ERROR;
				CLANG_WARN_DOCUMENTATION_COMMENTS = YES;
				CLANG_WARN_EMPTY_BODY = YES;
				CLANG_WARN_ENUM_CONVERSION = YES;
				CLANG_WARN_INFINITE_RECURSION = YES;
				CLANG_WARN_INT_CONVERSION = YES;
				CLANG_WARN_OBJC_ROOT_CLASS = YES_ERROR;
				CLANG_WARN_SUSPICIOUS_MOVE = YES;
				CLANG_WARN_UNREACHABLE_CODE = YES;
				CLANG_WARN__DUPLICATE_METHOD_MATCH = YES;
				"CODE_SIGN_IDENTITY[sdk=iphoneos*]" = "iPhone Developer";
				COPY_PHASE_STRIP = NO;
				DEBUG_INFORMATION_FORMAT = "dwarf-with-dsym";
				ENABLE_NS_ASSERTIONS = NO;
				ENABLE_STRICT_OBJC_MSGSEND = YES;
				GCC_C_LANGUAGE_STANDARD = gnu99;
				GCC_NO_COMMON_BLOCKS = YES;
				GCC_WARN_64_TO_32_BIT_CONVERSION = YES;
				GCC_WARN_ABOUT_RETURN_TYPE = YES_ERROR;
				GCC_WARN_UNDECLARED_SELECTOR = YES;
				GCC_WARN_UNINITIALIZED_AUTOS = YES_AGGRESSIVE;
				GCC_WARN_UNUSED_FUNCTION = YES;
				GCC_WARN_UNUSED_VARIABLE = YES;
				IPHONEOS_DEPLOYMENT_TARGET = 10.3;
				MTL_ENABLE_DEBUG_INFO = NO;
				SDKROOT = iphoneos;
				SWIFT_OPTIMIZATION_LEVEL = "-Owholemodule";
				TARGETED_DEVICE_FAMILY = "1,2";
				VALIDATE_PRODUCT = YES;
			};
			name = Release;
		};
		01DE9D281E8C143C00F1339C /* Debug */ = {
			isa = XCBuildConfiguration;
			buildSettings = {
				ASSETCATALOG_COMPILER_APPICON_NAME = AppIcon;
				DEVELOPMENT_TEAM = MU4CK45G4T;
				INFOPLIST_FILE = ProgramaticConstraints/Info.plist;
				LD_RUNPATH_SEARCH_PATHS = "$(inherited) @executable_path/Frameworks";
				PRODUCT_BUNDLE_IDENTIFIER = com.nickreichard..ProgramaticConstraints;
				PRODUCT_NAME = "$(TARGET_NAME)";
				SWIFT_VERSION = 3.0;
			};
			name = Debug;
		};
		01DE9D291E8C143C00F1339C /* Release */ = {
			isa = XCBuildConfiguration;
			buildSettings = {
				ASSETCATALOG_COMPILER_APPICON_NAME = AppIcon;
				DEVELOPMENT_TEAM = MU4CK45G4T;
				INFOPLIST_FILE = ProgramaticConstraints/Info.plist;
				LD_RUNPATH_SEARCH_PATHS = "$(inherited) @executable_path/Frameworks";
				PRODUCT_BUNDLE_IDENTIFIER = com.nickreichard..ProgramaticConstraints;
				PRODUCT_NAME = "$(TARGET_NAME)";
				SWIFT_VERSION = 3.0;
			};
			name = Release;
		};
/* End XCBuildConfiguration section */

/* Begin XCConfigurationList section */
		01DE9D101E8C143C00F1339C /* Build configuration list for PBXProject "ProgramaticConstraints" */ = {
			isa = XCConfigurationList;
			buildConfigurations = (
				01DE9D251E8C143C00F1339C /* Debug */,
				01DE9D261E8C143C00F1339C /* Release */,
			);
			defaultConfigurationIsVisible = 0;
			defaultConfigurationName = Release;
		};
		01DE9D271E8C143C00F1339C /* Build configuration list for PBXNativeTarget "ProgramaticConstraints" */ = {
			isa = XCConfigurationList;
			buildConfigurations = (
				01DE9D281E8C143C00F1339C /* Debug */,
				01DE9D291E8C143C00F1339C /* Release */,
			);
			defaultConfigurationIsVisible = 0;
		};
/* End XCConfigurationList section */
	};
	rootObject = 01DE9D0D1E8C143C00F1339C /* Project object */;
}
